
Microsoft Visual Studio Solution File, Format Version 12.00
# Visual Studio Version 16
VisualStudioVersion = 16.0.31229.75
MinimumVisualStudioVersion = 10.0.40219.1
Project("{FAE04EC0-301F-11D3-BF4B-00C04F79EFBC}") = "ExpensesApp.Android", "ExpensesApp\ExpensesApp.Android\ExpensesApp.Android.csproj", "{48E09E98-F0CA-4C64-8936-57153CC9FFBB}"
EndProject
Project("{FAE04EC0-301F-11D3-BF4B-00C04F79EFBC}") = "ExpensesApp.iOS", "ExpensesApp\ExpensesApp.iOS\ExpensesApp.iOS.csproj", "{290FF98B-82BC-4055-8AD0-79C516A2543D}"
EndProject
Project("{FAE04EC0-301F-11D3-BF4B-00C04F79EFBC}") = "ExpensesApp", "ExpensesApp\ExpensesApp\ExpensesApp.csproj", "{DF57C06F-FA48-4F20-9414-9889097454F5}"
EndProject
Global
	GlobalSection(SolutionConfigurationPlatforms) = preSolution
		Debug|Any CPU = Debug|Any CPU
		Debug|iPhone = Debug|iPhone
		Debug|iPhoneSimulator = Debug|iPhoneSimulator
		Release|Any CPU = Release|Any CPU
		Release|iPhone = Release|iPhone
		Release|iPhoneSimulator = Release|iPhoneSimulator
	EndGlobalSection
	GlobalSection(ProjectConfigurationPlatforms) = postSolution
		{48E09E98-F0CA-4C64-8936-57153CC9FFBB}.Debug|Any CPU.ActiveCfg = Debug|Any CPU
		{48E09E98-F0CA-4C64-8936-57153CC9FFBB}.Debug|Any CPU.Build.0 = Debug|Any CPU
		{48E09E98-F0CA-4C64-8936-57153CC9FFBB}.Debug|Any CPU.Deploy.0 = Debug|Any CPU
		{48E09E98-F0CA-4C64-8936-57153CC9FFBB}.Debug|iPhone.ActiveCfg = Debug|Any CPU
		{48E09E98-F0CA-4C64-8936-57153CC9FFBB}.Debug|iPhone.Build.0 = Debug|Any CPU
		{48E09E98-F0CA-4C64-8936-57153CC9FFBB}.Debug|iPhone.Deploy.0 = Debug|Any CPU
		{48E09E98-F0CA-4C64-8936-57153CC9FFBB}.Debug|iPhoneSimulator.ActiveCfg = Debug|Any CPU
		{48E09E98-F0CA-4C64-8936-57153CC9FFBB}.Debug|iPhoneSimulator.Build.0 = Debug|Any CPU
		{48E09E98-F0CA-4C64-8936-57153CC9FFBB}.Debug|iPhoneSimulator.Deploy.0 = Debug|Any CPU
		{48E09E98-F0CA-4C64-8936-57153CC9FFBB}.Release|Any CPU.ActiveCfg = Release|Any CPU
		{48E09E98-F0CA-4C64-8936-57153CC9FFBB}.Release|Any CPU.Build.0 = Release|Any CPU
		{48E09E98-F0CA-4C64-8936-57153CC9FFBB}.Release|Any CPU.Deploy.0 = Release|Any CPU
		{48E09E98-F0CA-4C64-8936-57153CC9FFBB}.Release|iPhone.ActiveCfg = Release|Any CPU
		{48E09E98-F0CA-4C64-8936-57153CC9FFBB}.Release|iPhone.Build.0 = Release|Any CPU
		{48E09E98-F0CA-4C64-8936-57153CC9FFBB}.Release|iPhone.Deploy.0 = Release|Any CPU
		{48E09E98-F0CA-4C64-8936-57153CC9FFBB}.Release|iPhoneSimulator.ActiveCfg = Release|Any CPU
		{48E09E98-F0CA-4C64-8936-57153CC9FFBB}.Release|iPhoneSimulator.Build.0 = Release|Any CPU
		{48E09E98-F0CA-4C64-8936-57153CC9FFBB}.Release|iPhoneSimulator.Deploy.0 = Release|Any CPU
		{290FF98B-82BC-4055-8AD0-79C516A2543D}.Debug|Any CPU.ActiveCfg = Debug|iPhone
		{290FF98B-82BC-4055-8AD0-79C516A2543D}.Debug|Any CPU.Build.0 = Debug|iPhone
		{290FF98B-82BC-4055-8AD0-79C516A2543D}.Debug|Any CPU.Deploy.0 = Debug|iPhone
		{290FF98B-82BC-4055-8AD0-79C516A2543D}.Debug|iPhone.ActiveCfg = Debug|iPhone
		{290FF98B-82BC-4055-8AD0-79C516A2543D}.Debug|iPhone.Build.0 = Debug|iPhone
		{290FF98B-82BC-4055-8AD0-79C516A2543D}.Debug|iPhone.Deploy.0 = Debug|iPhone
		{290FF98B-82BC-4055-8AD0-79C516A2543D}.Debug|iPhoneSimulator.ActiveCfg = Debug|iPhoneSimulator
		{290FF98B-82BC-4055-8AD0-79C516A2543D}.Debug|iPhoneSimulator.Build.0 = Debug|iPhoneSimulator
		{290FF98B-82BC-4055-8AD0-79C516A2543D}.Debug|iPhoneSimulator.Deploy.0 = Debug|iPhoneSimulator
		{290FF98B-82BC-4055-8AD0-79C516A2543D}.Release|Any CPU.ActiveCfg = Release|iPhoneSimulator
		{290FF98B-82BC-4055-8AD0-79C516A2543D}.Release|Any CPU.Build.0 = Release|iPhoneSimulator
		{290FF98B-82BC-4055-8AD0-79C516A2543D}.Release|Any CPU.Deploy.0 = Release|iPhoneSimulator
		{290FF98B-82BC-4055-8AD0-79C516A2543D}.Release|iPhone.ActiveCfg = Release|iPhone
		{290FF98B-82BC-4055-8AD0-79C516A2543D}.Release|iPhone.Build.0 = Release|iPhone
		{290FF98B-82BC-4055-8AD0-79C516A2543D}.Release|iPhone.Deploy.0 = Release|iPhone
		{290FF98B-82BC-4055-8AD0-79C516A2543D}.Release|iPhoneSimulator.ActiveCfg = Release|iPhoneSimulator
		{290FF98B-82BC-4055-8AD0-79C516A2543D}.Release|iPhoneSimulator.Build.0 = Release|iPhoneSimulator
		{290FF98B-82BC-4055-8AD0-79C516A2543D}.Release|iPhoneSimulator.Deploy.0 = Release|iPhoneSimulator
		{DF57C06F-FA48-4F20-9414-9889097454F5}.Debug|Any CPU.ActiveCfg = Debug|Any CPU
		{DF57C06F-FA48-4F20-9414-9889097454F5}.Debug|Any CPU.Build.0 = Debug|Any CPU
		{DF57C06F-FA48-4F20-9414-9889097454F5}.Debug|Any CPU.Deploy.0 = Debug|Any CPU
		{DF57C06F-FA48-4F20-9414-9889097454F5}.Debug|iPhone.ActiveCfg = Debug|Any CPU
		{DF57C06F-FA48-4F20-9414-9889097454F5}.Debug|iPhone.Build.0 = Debug|Any CPU
		{DF57C06F-FA48-4F20-9414-9889097454F5}.Debug|iPhone.Deploy.0 = Debug|Any CPU
		{DF57C06F-FA48-4F20-9414-9889097454F5}.Debug|iPhoneSimulator.ActiveCfg = Debug|Any CPU
		{DF57C06F-FA48-4F20-9414-9889097454F5}.Debug|iPhoneSimulator.Build.0 = Debug|Any CPU
		{DF57C06F-FA48-4F20-9414-9889097454F5}.Debug|iPhoneSimulator.Deploy.0 = Debug|Any CPU
		{DF57C06F-FA48-4F20-9414-9889097454F5}.Release|Any CPU.ActiveCfg = Release|Any CPU
		{DF57C06F-FA48-4F20-9414-9889097454F5}.Release|Any CPU.Build.0 = Release|Any CPU
		{DF57C06F-FA48-4F20-9414-9889097454F5}.Release|Any CPU.Deploy.0 = Release|Any CPU
		{DF57C06F-FA48-4F20-9414-9889097454F5}.Release|iPhone.ActiveCfg = Release|Any CPU
		{DF57C06F-FA48-4F20-9414-9889097454F5}.Release|iPhone.Build.0 = Release|Any CPU
		{DF57C06F-FA48-4F20-9414-9889097454F5}.Release|iPhone.Deploy.0 = Release|Any CPU
		{DF57C06F-FA48-4F20-9414-9889097454F5}.Release|iPhoneSimulator.ActiveCfg = Release|Any CPU
		{DF57C06F-FA48-4F20-9414-9889097454F5}.Release|iPhoneSimulator.Build.0 = Release|Any CPU
		{DF57C06F-FA48-4F20-9414-9889097454F5}.Release|iPhoneSimulator.Deploy.0 = Release|Any CPU
	EndGlobalSection
	GlobalSection(SolutionProperties) = preSolution
		HideSolutionNode = FALSE
	EndGlobalSection
	GlobalSection(ExtensibilityGlobals) = postSolution
		SolutionGuid = {29211106-EBAB-4DC9-AFF9-8505D4C509F3}
	EndGlobalSection
EndGlobal
